
Microsoft Visual Studio Solution File, Format Version 12.00
# Visual Studio Version 16
VisualStudioVersion = 16.0.31205.134
MinimumVisualStudioVersion = 10.0.40219.1
Project("{FAE04EC0-301F-11D3-BF4B-00C04F79EFBC}") = "Nullable type 2", "Nullable type 2.csproj", "{D1ED382B-2040-49CD-98A9-F0554A1E7DF4}"
EndProject
Global
	GlobalSection(SolutionConfigurationPlatforms) = preSolution
		Debug|Any CPU = Debug|Any CPU
		Release|Any CPU = Release|Any CPU
	EndGlobalSection
	GlobalSection(ProjectConfigurationPlatforms) = postSolution
		{D1ED382B-2040-49CD-98A9-F0554A1E7DF4}.Debug|Any CPU.ActiveCfg = Debug|Any CPU
		{D1ED382B-2040-49CD-98A9-F0554A1E7DF4}.Debug|Any CPU.Build.0 = Debug|Any CPU
		{D1ED382B-2040-49CD-98A9-F0554A1E7DF4}.Release|Any CPU.ActiveCfg = Release|Any CPU
		{D1ED382B-2040-49CD-98A9-F0554A1E7DF4}.Release|Any CPU.Build.0 = Release|Any CPU
	EndGlobalSection
	GlobalSection(SolutionProperties) = preSolution
		HideSolutionNode = FALSE
	EndGlobalSection
	GlobalSection(ExtensibilityGlobals) = postSolution
		SolutionGuid = {23433A8F-9B19-4A86-BC92-11D81BD47C58}
	EndGlobalSection
EndGlobal
